
Microsoft Visual Studio Solution File, Format Version 12.00
# Visual Studio Version 17
VisualStudioVersion = 17.7.33711.374
MinimumVisualStudioVersion = 10.0.40219.1
Project("{9A19103F-16F7-4668-BE54-9A1E7A4F7556}") = "SampleProject.Server", "SampleProject\Server\SampleProject.Server.csproj", "{048F1DE3-2B81-444C-A013-C123C78CDF42}"
EndProject
Project("{9A19103F-16F7-4668-BE54-9A1E7A4F7556}") = "SampleProject.Client", "SampleProject\Client\SampleProject.Client.csproj", "{6078D61F-346F-4797-8A3B-24DF8E572937}"
EndProject
Project("{9A19103F-16F7-4668-BE54-9A1E7A4F7556}") = "SampleProject.Shared", "SampleProject\Shared\SampleProject.Shared.csproj", "{98C73131-2972-4B2F-BC11-68A38325D94D}"
EndProject
Project("{9A19103F-16F7-4668-BE54-9A1E7A4F7556}") = "SampleProject.Core", "SampleProject\SampleProject.Core\SampleProject.Core.csproj", "{285A3290-080F-4AEB-AFE1-49BD387C1F05}"
EndProject
Global
	GlobalSection(SolutionConfigurationPlatforms) = preSolution
		Debug|Any CPU = Debug|Any CPU
		Release|Any CPU = Release|Any CPU
	EndGlobalSection
	GlobalSection(ProjectConfigurationPlatforms) = postSolution
		{048F1DE3-2B81-444C-A013-C123C78CDF42}.Debug|Any CPU.ActiveCfg = Debug|Any CPU
		{048F1DE3-2B81-444C-A013-C123C78CDF42}.Debug|Any CPU.Build.0 = Debug|Any CPU
		{048F1DE3-2B81-444C-A013-C123C78CDF42}.Release|Any CPU.ActiveCfg = Release|Any CPU
		{048F1DE3-2B81-444C-A013-C123C78CDF42}.Release|Any CPU.Build.0 = Release|Any CPU
		{6078D61F-346F-4797-8A3B-24DF8E572937}.Debug|Any CPU.ActiveCfg = Debug|Any CPU
		{6078D61F-346F-4797-8A3B-24DF8E572937}.Debug|Any CPU.Build.0 = Debug|Any CPU
		{6078D61F-346F-4797-8A3B-24DF8E572937}.Release|Any CPU.ActiveCfg = Release|Any CPU
		{6078D61F-346F-4797-8A3B-24DF8E572937}.Release|Any CPU.Build.0 = Release|Any CPU
		{98C73131-2972-4B2F-BC11-68A38325D94D}.Debug|Any CPU.ActiveCfg = Debug|Any CPU
		{98C73131-2972-4B2F-BC11-68A38325D94D}.Debug|Any CPU.Build.0 = Debug|Any CPU
		{98C73131-2972-4B2F-BC11-68A38325D94D}.Release|Any CPU.ActiveCfg = Release|Any CPU
		{98C73131-2972-4B2F-BC11-68A38325D94D}.Release|Any CPU.Build.0 = Release|Any CPU
		{285A3290-080F-4AEB-AFE1-49BD387C1F05}.Debug|Any CPU.ActiveCfg = Debug|Any CPU
		{285A3290-080F-4AEB-AFE1-49BD387C1F05}.Debug|Any CPU.Build.0 = Debug|Any CPU
		{285A3290-080F-4AEB-AFE1-49BD387C1F05}.Release|Any CPU.ActiveCfg = Release|Any CPU
		{285A3290-080F-4AEB-AFE1-49BD387C1F05}.Release|Any CPU.Build.0 = Release|Any CPU
	EndGlobalSection
	GlobalSection(SolutionProperties) = preSolution
		HideSolutionNode = FALSE
	EndGlobalSection
	GlobalSection(ExtensibilityGlobals) = postSolution
		SolutionGuid = {15CC3C24-1EAE-4728-A326-BFE86023060F}
	EndGlobalSection
EndGlobal
